
Microsoft Visual Studio Solution File, Format Version 12.00
# Visual Studio Version 16
VisualStudioVersion = 16.0.30204.135
MinimumVisualStudioVersion = 10.0.40219.1
Project("{FAE04EC0-301F-11D3-BF4B-00C04F79EFBC}") = "MockWithManifestFileTests", "MockWithManifestFile\MockWithManifestFileTests.csproj", "{29F7D197-3ECC-458C-B801-B8037F941392}"
EndProject
Project("{FAE04EC0-301F-11D3-BF4B-00C04F79EFBC}") = "MockWithManifestFileService", "MockWithManifestFileService\MockWithManifestFileService.csproj", "{EC2708C5-D3E5-46F6-A364-9C6978F8C3FE}"
EndProject
Global
	GlobalSection(SolutionConfigurationPlatforms) = preSolution
		Debug|Any CPU = Debug|Any CPU
		Release|Any CPU = Release|Any CPU
	EndGlobalSection
	GlobalSection(ProjectConfigurationPlatforms) = postSolution
		{29F7D197-3ECC-458C-B801-B8037F941392}.Debug|Any CPU.ActiveCfg = Debug|Any CPU
		{29F7D197-3ECC-458C-B801-B8037F941392}.Debug|Any CPU.Build.0 = Debug|Any CPU
		{29F7D197-3ECC-458C-B801-B8037F941392}.Release|Any CPU.ActiveCfg = Release|Any CPU
		{29F7D197-3ECC-458C-B801-B8037F941392}.Release|Any CPU.Build.0 = Release|Any CPU
		{EC2708C5-D3E5-46F6-A364-9C6978F8C3FE}.Debug|Any CPU.ActiveCfg = Debug|Any CPU
		{EC2708C5-D3E5-46F6-A364-9C6978F8C3FE}.Debug|Any CPU.Build.0 = Debug|Any CPU
		{EC2708C5-D3E5-46F6-A364-9C6978F8C3FE}.Release|Any CPU.ActiveCfg = Release|Any CPU
		{EC2708C5-D3E5-46F6-A364-9C6978F8C3FE}.Release|Any CPU.Build.0 = Release|Any CPU
	EndGlobalSection
	GlobalSection(SolutionProperties) = preSolution
		HideSolutionNode = FALSE
	EndGlobalSection
	GlobalSection(ExtensibilityGlobals) = postSolution
		SolutionGuid = {669C6725-F86E-43A2-9BE9-07C4F56ECAC6}
	EndGlobalSection
EndGlobal
